// !$*UTF8*$!
{
	archiveVersion = 1;
	classes = {
	};
	objectVersion = 46;
	objects = {

/* Begin PBXBuildFile section */
		C3EBD7C5DF4FF8C4768928A1 /* Pods_JamHawk.framework in Frameworks */ = {isa = PBXBuildFile; fileRef = B9C661686CA68F67961AA7A0 /* Pods_JamHawk.framework */; };
		C65061F11D492A5100897A5B /* EditProfileViewController.swift in Sources */ = {isa = PBXBuildFile; fileRef = C65061F01D492A5100897A5B /* EditProfileViewController.swift */; };
		C6606DF11D49475500834754 /* SettingsProfileViewController.swift in Sources */ = {isa = PBXBuildFile; fileRef = C6606DF01D49475500834754 /* SettingsProfileViewController.swift */; };
		C67A52CD1D36F42900A5C150 /* PlayheadView.swift in Sources */ = {isa = PBXBuildFile; fileRef = C67A52CC1D36F42900A5C150 /* PlayheadView.swift */; };
		C67E317E1D4005D200D140D2 /* JHSignInSignUpTextField.swift in Sources */ = {isa = PBXBuildFile; fileRef = C67E317D1D4005D200D140D2 /* JHSignInSignUpTextField.swift */; };
		C67E31801D4010B300D140D2 /* JHSignUpViewController.swift in Sources */ = {isa = PBXBuildFile; fileRef = C67E317F1D4010B300D140D2 /* JHSignUpViewController.swift */; };
		C6EFB1EA1D3ECE1000B57397 /* JHSignInViewController.swift in Sources */ = {isa = PBXBuildFile; fileRef = C6EFB1E91D3ECE1000B57397 /* JHSignInViewController.swift */; };
		CE07AC791D2C3A1700524005 /* JamHawkAPIURLProvider.swift in Sources */ = {isa = PBXBuildFile; fileRef = CE07AC781D2C3A1700524005 /* JamHawkAPIURLProvider.swift */; };
		CE07AC7B1D2C3EA600524005 /* UserAccessAPIInputModels.swift in Sources */ = {isa = PBXBuildFile; fileRef = CE07AC7A1D2C3EA600524005 /* UserAccessAPIInputModels.swift */; };
		CE07AC7D1D2C3EB600524005 /* UserAccessAPIOutput.swift in Sources */ = {isa = PBXBuildFile; fileRef = CE07AC7C1D2C3EB600524005 /* UserAccessAPIOutput.swift */; };
		CE10F12D1D381E2200D69682 /* PlayerControlsViewController.swift in Sources */ = {isa = PBXBuildFile; fileRef = CE10F12C1D381E2200D69682 /* PlayerControlsViewController.swift */; };
		CE24F08A1D5E0C5F009B1E2E /* WelcomeViewController.swift in Sources */ = {isa = PBXBuildFile; fileRef = CE24F0891D5E0C5F009B1E2E /* WelcomeViewController.swift */; };
		CE2B69051D2C97EE00EAFF16 /* Player.storyboard in Resources */ = {isa = PBXBuildFile; fileRef = CE2B69031D2C97EE00EAFF16 /* Player.storyboard */; };
		CE2B69351D2EB8EE00EAFF16 /* BackendProtocols.swift in Sources */ = {isa = PBXBuildFile; fileRef = CE2B69341D2EB8EE00EAFF16 /* BackendProtocols.swift */; };
		CE2B69391D2EC39C00EAFF16 /* UserAccessAPIInput.swift in Sources */ = {isa = PBXBuildFile; fileRef = CE2B69381D2EC39C00EAFF16 /* UserAccessAPIInput.swift */; };
		CE2B693B1D2EC92700EAFF16 /* PlayerAPIInput.swift in Sources */ = {isa = PBXBuildFile; fileRef = CE2B693A1D2EC92700EAFF16 /* PlayerAPIInput.swift */; };
		CE2B693F1D2EE04400EAFF16 /* PlayerAPIOutputModels.swift in Sources */ = {isa = PBXBuildFile; fileRef = CE2B693E1D2EE04400EAFF16 /* PlayerAPIOutputModels.swift */; };
		CE2B69411D2EE1FD00EAFF16 /* PlayerAPITypes.swift in Sources */ = {isa = PBXBuildFile; fileRef = CE2B69401D2EE1FD00EAFF16 /* PlayerAPITypes.swift */; };
		CE2B69461D2EF05500EAFF16 /* Freddy+Extensions.swift in Sources */ = {isa = PBXBuildFile; fileRef = CE2B69451D2EF05500EAFF16 /* Freddy+Extensions.swift */; };
		CE2B69491D2F118100EAFF16 /* PlayerAPIOutput.swift in Sources */ = {isa = PBXBuildFile; fileRef = CE2B69481D2F118100EAFF16 /* PlayerAPIOutput.swift */; };
		CE32971B1D49DDB7001CF512 /* QuartzCore.framework in Frameworks */ = {isa = PBXBuildFile; fileRef = CE32971A1D49DDB7001CF512 /* QuartzCore.framework */; };
		CE4C48B61D2C5879000EBA35 /* PlayerAPIInputModels.swift in Sources */ = {isa = PBXBuildFile; fileRef = CE4C48B51D2C5879000EBA35 /* PlayerAPIInputModels.swift */; };
		CE567FA01D38138B00EF33A2 /* UIColor+Jamhawk.swift in Sources */ = {isa = PBXBuildFile; fileRef = CE567F9F1D38138B00EF33A2 /* UIColor+Jamhawk.swift */; };
		CE5DA0B11D400C8E00025C17 /* UserProfileButtonView.swift in Sources */ = {isa = PBXBuildFile; fileRef = CE5DA0B01D400C8E00025C17 /* UserProfileButtonView.swift */; };
		CE5DA0B51D41A52900025C17 /* UpdatesTracker.swift in Sources */ = {isa = PBXBuildFile; fileRef = CE5DA0B41D41A52900025C17 /* UpdatesTracker.swift */; };
		CE5DA0D61D44854C00025C17 /* Profile.storyboard in Resources */ = {isa = PBXBuildFile; fileRef = CE5DA0D41D44854C00025C17 /* Profile.storyboard */; };
		CE5DA0D81D44861D00025C17 /* ProfileViewController.swift in Sources */ = {isa = PBXBuildFile; fileRef = CE5DA0D71D44861D00025C17 /* ProfileViewController.swift */; };
		CE5DA0DA1D44936B00025C17 /* DefaultMainPlayerState.swift in Sources */ = {isa = PBXBuildFile; fileRef = CE5DA0D91D44936B00025C17 /* DefaultMainPlayerState.swift */; };
		CE5DA0DC1D4493D700025C17 /* FilterSelectionMainPlayerState.swift in Sources */ = {isa = PBXBuildFile; fileRef = CE5DA0DB1D4493D700025C17 /* FilterSelectionMainPlayerState.swift */; };
		CE5DA0DE1D44940200025C17 /* ShowProfileMainPlayerState.swift in Sources */ = {isa = PBXBuildFile; fileRef = CE5DA0DD1D44940200025C17 /* ShowProfileMainPlayerState.swift */; };
		CE5DA0E01D44946900025C17 /* VolumeAdjustmentMainPlayerState.swift in Sources */ = {isa = PBXBuildFile; fileRef = CE5DA0DF1D44946900025C17 /* VolumeAdjustmentMainPlayerState.swift */; };
		CE5DA0E21D4494AE00025C17 /* ShowTrackDetailsState.swift in Sources */ = {isa = PBXBuildFile; fileRef = CE5DA0E11D4494AE00025C17 /* ShowTrackDetailsState.swift */; };
		CE5DA0E41D455EAA00025C17 /* JamhawkRequestController.swift in Sources */ = {isa = PBXBuildFile; fileRef = CE5DA0E31D455EAA00025C17 /* JamhawkRequestController.swift */; };
		CE5DA0E61D455EC500025C17 /* UIViewController+Extensions.swift in Sources */ = {isa = PBXBuildFile; fileRef = CE5DA0E51D455EC500025C17 /* UIViewController+Extensions.swift */; };
		CE5DA0E91D455F8800025C17 /* SystemController.swift in Sources */ = {isa = PBXBuildFile; fileRef = CE5DA0E81D455F8800025C17 /* SystemController.swift */; };
		CE5DA0EB1D4677D800025C17 /* FilterSystem.swift in Sources */ = {isa = PBXBuildFile; fileRef = CE5DA0EA1D4677D800025C17 /* FilterSystem.swift */; };
		CE5DA0ED1D4683EE00025C17 /* PlayerSystem.swift in Sources */ = {isa = PBXBuildFile; fileRef = CE5DA0EC1D4683EE00025C17 /* PlayerSystem.swift */; };
		CE5DA0EF1D46841300025C17 /* CurrentTrackSystem.swift in Sources */ = {isa = PBXBuildFile; fileRef = CE5DA0EE1D46841300025C17 /* CurrentTrackSystem.swift */; };
		CE5DA0F11D46843000025C17 /* NextAvailableMediaSystem.swift in Sources */ = {isa = PBXBuildFile; fileRef = CE5DA0F01D46843000025C17 /* NextAvailableMediaSystem.swift */; };
		CE5DA0F51D46847C00025C17 /* SystemCoordinationController.swift in Sources */ = {isa = PBXBuildFile; fileRef = CE5DA0F41D46847C00025C17 /* SystemCoordinationController.swift */; };
		CE5DA0FE1D47B8A300025C17 /* TrackRatingViewController.swift in Sources */ = {isa = PBXBuildFile; fileRef = CE5DA0FD1D47B8A300025C17 /* TrackRatingViewController.swift */; };
		CE5DA1001D47B8B000025C17 /* TrackRatingSystem.swift in Sources */ = {isa = PBXBuildFile; fileRef = CE5DA0FF1D47B8B000025C17 /* TrackRatingSystem.swift */; };
		CE5DA1021D47F06400025C17 /* TrackRatingCell.swift in Sources */ = {isa = PBXBuildFile; fileRef = CE5DA1011D47F06400025C17 /* TrackRatingCell.swift */; };
		CE5DA1041D4882C100025C17 /* ViewTransformer.swift in Sources */ = {isa = PBXBuildFile; fileRef = CE5DA1031D4882C100025C17 /* ViewTransformer.swift */; };
		CE6CE9931D3C15B10029659F /* SubfilterSelectionViewController.swift in Sources */ = {isa = PBXBuildFile; fileRef = CE6CE9911D3C15B10029659F /* SubfilterSelectionViewController.swift */; };
		CE6CE9971D3C15C40029659F /* SubfilterSelectionViewController.xib in Resources */ = {isa = PBXBuildFile; fileRef = CE6CE9951D3C15C40029659F /* SubfilterSelectionViewController.xib */; };
		CE6CE9A01D3D262F0029659F /* PlayerSubfilterCell.swift in Sources */ = {isa = PBXBuildFile; fileRef = CE6CE99E1D3D262F0029659F /* PlayerSubfilterCell.swift */; };
		CE6CE9A11D3D262F0029659F /* SubfilterCell.xib in Resources */ = {isa = PBXBuildFile; fileRef = CE6CE99F1D3D262F0029659F /* SubfilterCell.xib */; };
		CE6CE9A41D3D67D50029659F /* MainPlayerState.swift in Sources */ = {isa = PBXBuildFile; fileRef = CE6CE9A31D3D67D50029659F /* MainPlayerState.swift */; };
		CE747BF81D382B0F0006D1B6 /* PlayerControlsToolbar.swift in Sources */ = {isa = PBXBuildFile; fileRef = CE747BF71D382B0F0006D1B6 /* PlayerControlsToolbar.swift */; };
		CE747BFA1D382F3F0006D1B6 /* NextAvailableMediaViewController.swift in Sources */ = {isa = PBXBuildFile; fileRef = CE747BF91D382F3F0006D1B6 /* NextAvailableMediaViewController.swift */; };
		CE747BFC1D3839BB0006D1B6 /* ParentFilterSelectionViewController.swift in Sources */ = {isa = PBXBuildFile; fileRef = CE747BFB1D3839BB0006D1B6 /* ParentFilterSelectionViewController.swift */; };
		CE747C061D3885900006D1B6 /* NextAvailableMediaCell.xib in Resources */ = {isa = PBXBuildFile; fileRef = CE747C041D3885900006D1B6 /* NextAvailableMediaCell.xib */; };
		CE747C091D3891F90006D1B6 /* ParentFilterCell.swift in Sources */ = {isa = PBXBuildFile; fileRef = CE747C071D3891F90006D1B6 /* ParentFilterCell.swift */; };
		CE747C0D1D38920C0006D1B6 /* ParentFilterCell.xib in Resources */ = {isa = PBXBuildFile; fileRef = CE747C0B1D38920C0006D1B6 /* ParentFilterCell.xib */; };
		CE7B0FF21D33F4E8003CC52A /* TemporaryInitialViewController.swift in Sources */ = {isa = PBXBuildFile; fileRef = CE7B0FF11D33F4E8003CC52A /* TemporaryInitialViewController.swift */; };
		CE7B0FF81D340846003CC52A /* NextAvailableMediaCell.swift in Sources */ = {isa = PBXBuildFile; fileRef = CE7B0FF61D340846003CC52A /* NextAvailableMediaCell.swift */; };
		CE7E682E1D34251400516570 /* UserAccessSession.swift in Sources */ = {isa = PBXBuildFile; fileRef = CE7E682D1D34251400516570 /* UserAccessSession.swift */; };
		CE7E68301D3427E000516570 /* PlayerSession.swift in Sources */ = {isa = PBXBuildFile; fileRef = CE7E682F1D3427E000516570 /* PlayerSession.swift */; };
		CE7E68321D342EB900516570 /* PlayerAPIInputStatus.swift in Sources */ = {isa = PBXBuildFile; fileRef = CE7E68311D342EB900516570 /* PlayerAPIInputStatus.swift */; };
		CE7E68361D342F3300516570 /* PlayerAPIInputUpdates.swift in Sources */ = {isa = PBXBuildFile; fileRef = CE7E68351D342F3300516570 /* PlayerAPIInputUpdates.swift */; };
		CE9347891D39892B0090A58C /* CurrentTrackViewController.swift in Sources */ = {isa = PBXBuildFile; fileRef = CE9347881D39892B0090A58C /* CurrentTrackViewController.swift */; };
		CE9B94871D26B67600B0F53D /* AppDelegate.swift in Sources */ = {isa = PBXBuildFile; fileRef = CE9B94861D26B67600B0F53D /* AppDelegate.swift */; };
		CE9B948C1D26B67600B0F53D /* SignIn.storyboard in Resources */ = {isa = PBXBuildFile; fileRef = CE9B948A1D26B67600B0F53D /* SignIn.storyboard */; };
		CE9B948E1D26B67600B0F53D /* Assets.xcassets in Resources */ = {isa = PBXBuildFile; fileRef = CE9B948D1D26B67600B0F53D /* Assets.xcassets */; };
		CE9B94911D26B67600B0F53D /* LaunchScreen.storyboard in Resources */ = {isa = PBXBuildFile; fileRef = CE9B948F1D26B67600B0F53D /* LaunchScreen.storyboard */; };
		CE9B949C1D26B67700B0F53D /* JamHawkTests.swift in Sources */ = {isa = PBXBuildFile; fileRef = CE9B949B1D26B67700B0F53D /* JamHawkTests.swift */; };
		CED3AC781D4D676D001E488D /* SubfilterViewModel.swift in Sources */ = {isa = PBXBuildFile; fileRef = CED3AC771D4D676D001E488D /* SubfilterViewModel.swift */; };
		CED404E41D26E6350083365F /* BottomBorderTextField.swift in Sources */ = {isa = PBXBuildFile; fileRef = CED404E31D26E6350083365F /* BottomBorderTextField.swift */; };
		CED404EC1D26F20E0083365F /* JamHawkSession.swift in Sources */ = {isa = PBXBuildFile; fileRef = CED404EB1D26F20E0083365F /* JamHawkSession.swift */; };
		CEF9E48C1D53C8F500DB6B2C /* VolumeAdjustmentViewController.swift in Sources */ = {isa = PBXBuildFile; fileRef = CEF9E48B1D53C8F500DB6B2C /* VolumeAdjustmentViewController.swift */; };
		CEF9E48E1D53CB9100DB6B2C /* VolumeSlider.swift in Sources */ = {isa = PBXBuildFile; fileRef = CEF9E48D1D53CB9100DB6B2C /* VolumeSlider.swift */; };
		CEFD869A1D300F34005313AD /* AppRouter.swift in Sources */ = {isa = PBXBuildFile; fileRef = CEFD86991D300F34005313AD /* AppRouter.swift */; };
		CEFD869C1D3019D2005313AD /* JamHawkNavigationController.swift in Sources */ = {isa = PBXBuildFile; fileRef = CEFD869B1D3019D2005313AD /* JamHawkNavigationController.swift */; };
		CEFD869E1D304CFC005313AD /* MainPlayerViewController.swift in Sources */ = {isa = PBXBuildFile; fileRef = CEFD869D1D304CFC005313AD /* MainPlayerViewController.swift */; };
		CEFEAD901D3D7EDD004D3CFC /* MainPlayerViewController+States.swift in Sources */ = {isa = PBXBuildFile; fileRef = CEFEAD8F1D3D7EDD004D3CFC /* MainPlayerViewController+States.swift */; };
		CEFFF7961D358DC500D083F1 /* PlayerAPIOutputViewModel.swift in Sources */ = {isa = PBXBuildFile; fileRef = CEFFF7951D358DC500D083F1 /* PlayerAPIOutputViewModel.swift */; };
		CEFFF79A1D35930800D083F1 /* PlayerProgressViewController.swift in Sources */ = {isa = PBXBuildFile; fileRef = CEFFF7991D35930800D083F1 /* PlayerProgressViewController.swift */; };
		CEFFF79C1D359A1500D083F1 /* AVPlayer+Extensions.swift in Sources */ = {isa = PBXBuildFile; fileRef = CEFFF79B1D359A1500D083F1 /* AVPlayer+Extensions.swift */; };
		E9F41F0C1D52982A00F28D1B /* EventSystem.swift in Sources */ = {isa = PBXBuildFile; fileRef = E9F41F0B1D52982A00F28D1B /* EventSystem.swift */; };
/* End PBXBuildFile section */

/* Begin PBXContainerItemProxy section */
		CE9B94981D26B67700B0F53D /* PBXContainerItemProxy */ = {
			isa = PBXContainerItemProxy;
			containerPortal = CE9B947B1D26B67600B0F53D /* Project object */;
			proxyType = 1;
			remoteGlobalIDString = CE9B94821D26B67600B0F53D;
			remoteInfo = JamHawk;
		};
/* End PBXContainerItemProxy section */

/* Begin PBXFileReference section */
		395FFD5335C4D154675B20A1 /* Pods-JamHawk.release.xcconfig */ = {isa = PBXFileReference; includeInIndex = 1; lastKnownFileType = text.xcconfig; name = "Pods-JamHawk.release.xcconfig"; path = "Pods/Target Support Files/Pods-JamHawk/Pods-JamHawk.release.xcconfig"; sourceTree = "<group>"; };
		B9C661686CA68F67961AA7A0 /* Pods_JamHawk.framework */ = {isa = PBXFileReference; explicitFileType = wrapper.framework; includeInIndex = 0; path = Pods_JamHawk.framework; sourceTree = BUILT_PRODUCTS_DIR; };
		C65061F01D492A5100897A5B /* EditProfileViewController.swift */ = {isa = PBXFileReference; fileEncoding = 4; lastKnownFileType = sourcecode.swift; name = EditProfileViewController.swift; path = JamHawk/ViewControllers/EditProfileViewController.swift; sourceTree = "<group>"; };
		C6606DF01D49475500834754 /* SettingsProfileViewController.swift */ = {isa = PBXFileReference; fileEncoding = 4; lastKnownFileType = sourcecode.swift; name = SettingsProfileViewController.swift; path = JamHawk/ViewControllers/SettingsProfileViewController.swift; sourceTree = "<group>"; };
		C67A52CC1D36F42900A5C150 /* PlayheadView.swift */ = {isa = PBXFileReference; fileEncoding = 4; lastKnownFileType = sourcecode.swift; name = PlayheadView.swift; path = JamHawk/CustomUI/PlayheadView.swift; sourceTree = "<group>"; };
		C67E317D1D4005D200D140D2 /* JHSignInSignUpTextField.swift */ = {isa = PBXFileReference; fileEncoding = 4; lastKnownFileType = sourcecode.swift; name = JHSignInSignUpTextField.swift; path = JamHawk/CustomUI/JHSignInSignUpTextField.swift; sourceTree = "<group>"; };
		C67E317F1D4010B300D140D2 /* JHSignUpViewController.swift */ = {isa = PBXFileReference; fileEncoding = 4; lastKnownFileType = sourcecode.swift; name = JHSignUpViewController.swift; path = JamHawk/ViewControllers/JHSignUpViewController.swift; sourceTree = "<group>"; };
		C6EFB1E91D3ECE1000B57397 /* JHSignInViewController.swift */ = {isa = PBXFileReference; fileEncoding = 4; lastKnownFileType = sourcecode.swift; name = JHSignInViewController.swift; path = JamHawk/ViewControllers/JHSignInViewController.swift; sourceTree = "<group>"; };
		CE07AC781D2C3A1700524005 /* JamHawkAPIURLProvider.swift */ = {isa = PBXFileReference; fileEncoding = 4; lastKnownFileType = sourcecode.swift; name = JamHawkAPIURLProvider.swift; path = JamHawk/Backend/JamHawkAPIURLProvider.swift; sourceTree = "<group>"; };
		CE07AC7A1D2C3EA600524005 /* UserAccessAPIInputModels.swift */ = {isa = PBXFileReference; fileEncoding = 4; lastKnownFileType = sourcecode.swift; name = UserAccessAPIInputModels.swift; path = JamHawk/Models/UserAccessAPIInputModels.swift; sourceTree = "<group>"; };
		CE07AC7C1D2C3EB600524005 /* UserAccessAPIOutput.swift */ = {isa = PBXFileReference; fileEncoding = 4; lastKnownFileType = sourcecode.swift; name = UserAccessAPIOutput.swift; path = JamHawk/Models/UserAccessAPIOutput.swift; sourceTree = "<group>"; };
		CE10F12C1D381E2200D69682 /* PlayerControlsViewController.swift */ = {isa = PBXFileReference; fileEncoding = 4; lastKnownFileType = sourcecode.swift; name = PlayerControlsViewController.swift; path = JamHawk/ViewControllers/PlayerControlsViewController.swift; sourceTree = "<group>"; };
		CE24F0891D5E0C5F009B1E2E /* WelcomeViewController.swift */ = {isa = PBXFileReference; fileEncoding = 4; lastKnownFileType = sourcecode.swift; name = WelcomeViewController.swift; path = JamHawk/ViewControllers/WelcomeViewController.swift; sourceTree = "<group>"; };
		CE2B69041D2C97EE00EAFF16 /* Base */ = {isa = PBXFileReference; lastKnownFileType = file.storyboard; name = Base; path = JamHawk/Base.lproj/Player.storyboard; sourceTree = "<group>"; };
		CE2B69341D2EB8EE00EAFF16 /* BackendProtocols.swift */ = {isa = PBXFileReference; fileEncoding = 4; lastKnownFileType = sourcecode.swift; name = BackendProtocols.swift; path = JamHawk/Backend/BackendProtocols.swift; sourceTree = "<group>"; };
		CE2B69381D2EC39C00EAFF16 /* UserAccessAPIInput.swift */ = {isa = PBXFileReference; fileEncoding = 4; lastKnownFileType = sourcecode.swift; name = UserAccessAPIInput.swift; path = JamHawk/Models/UserAccessAPIInput.swift; sourceTree = "<group>"; };
		CE2B693A1D2EC92700EAFF16 /* PlayerAPIInput.swift */ = {isa = PBXFileReference; fileEncoding = 4; lastKnownFileType = sourcecode.swift; name = PlayerAPIInput.swift; path = JamHawk/Models/PlayerAPIInput.swift; sourceTree = "<group>"; };
		CE2B693E1D2EE04400EAFF16 /* PlayerAPIOutputModels.swift */ = {isa = PBXFileReference; fileEncoding = 4; lastKnownFileType = sourcecode.swift; name = PlayerAPIOutputModels.swift; path = JamHawk/Models/PlayerAPIOutputModels.swift; sourceTree = "<group>"; };
		CE2B69401D2EE1FD00EAFF16 /* PlayerAPITypes.swift */ = {isa = PBXFileReference; fileEncoding = 4; lastKnownFileType = sourcecode.swift; name = PlayerAPITypes.swift; path = JamHawk/Models/PlayerAPITypes.swift; sourceTree = "<group>"; };
		CE2B69451D2EF05500EAFF16 /* Freddy+Extensions.swift */ = {isa = PBXFileReference; fileEncoding = 4; lastKnownFileType = sourcecode.swift; name = "Freddy+Extensions.swift"; path = "JamHawk/Extensions/Freddy+Extensions.swift"; sourceTree = "<group>"; };
		CE2B69481D2F118100EAFF16 /* PlayerAPIOutput.swift */ = {isa = PBXFileReference; fileEncoding = 4; lastKnownFileType = sourcecode.swift; name = PlayerAPIOutput.swift; path = JamHawk/Models/PlayerAPIOutput.swift; sourceTree = "<group>"; };
		CE32971A1D49DDB7001CF512 /* QuartzCore.framework */ = {isa = PBXFileReference; lastKnownFileType = wrapper.framework; name = QuartzCore.framework; path = System/Library/Frameworks/QuartzCore.framework; sourceTree = SDKROOT; };
		CE4C48B51D2C5879000EBA35 /* PlayerAPIInputModels.swift */ = {isa = PBXFileReference; fileEncoding = 4; lastKnownFileType = sourcecode.swift; name = PlayerAPIInputModels.swift; path = JamHawk/Models/PlayerAPIInputModels.swift; sourceTree = "<group>"; };
		CE567F9F1D38138B00EF33A2 /* UIColor+Jamhawk.swift */ = {isa = PBXFileReference; fileEncoding = 4; lastKnownFileType = sourcecode.swift; name = "UIColor+Jamhawk.swift"; path = "JamHawk/Extensions/UIColor+Jamhawk.swift"; sourceTree = "<group>"; };
		CE5DA0B01D400C8E00025C17 /* UserProfileButtonView.swift */ = {isa = PBXFileReference; fileEncoding = 4; lastKnownFileType = sourcecode.swift; name = UserProfileButtonView.swift; path = JamHawk/CustomUI/UserProfileButtonView.swift; sourceTree = "<group>"; };
		CE5DA0B41D41A52900025C17 /* UpdatesTracker.swift */ = {isa = PBXFileReference; fileEncoding = 4; lastKnownFileType = sourcecode.swift; name = UpdatesTracker.swift; path = JamHawk/Backend/UpdatesTracker.swift; sourceTree = "<group>"; };
		CE5DA0D51D44854C00025C17 /* Base */ = {isa = PBXFileReference; lastKnownFileType = file.storyboard; name = Base; path = JamHawk/Base.lproj/Profile.storyboard; sourceTree = "<group>"; };
		CE5DA0D71D44861D00025C17 /* ProfileViewController.swift */ = {isa = PBXFileReference; fileEncoding = 4; lastKnownFileType = sourcecode.swift; name = ProfileViewController.swift; path = JamHawk/ViewControllers/ProfileViewController.swift; sourceTree = "<group>"; };
		CE5DA0D91D44936B00025C17 /* DefaultMainPlayerState.swift */ = {isa = PBXFileReference; fileEncoding = 4; lastKnownFileType = sourcecode.swift; name = DefaultMainPlayerState.swift; path = JamHawk/MainPlayerStates/DefaultMainPlayerState.swift; sourceTree = "<group>"; };
		CE5DA0DB1D4493D700025C17 /* FilterSelectionMainPlayerState.swift */ = {isa = PBXFileReference; fileEncoding = 4; lastKnownFileType = sourcecode.swift; name = FilterSelectionMainPlayerState.swift; path = JamHawk/MainPlayerStates/FilterSelectionMainPlayerState.swift; sourceTree = "<group>"; };
		CE5DA0DD1D44940200025C17 /* ShowProfileMainPlayerState.swift */ = {isa = PBXFileReference; fileEncoding = 4; lastKnownFileType = sourcecode.swift; name = ShowProfileMainPlayerState.swift; path = JamHawk/MainPlayerStates/ShowProfileMainPlayerState.swift; sourceTree = "<group>"; };
		CE5DA0DF1D44946900025C17 /* VolumeAdjustmentMainPlayerState.swift */ = {isa = PBXFileReference; fileEncoding = 4; lastKnownFileType = sourcecode.swift; name = VolumeAdjustmentMainPlayerState.swift; path = JamHawk/MainPlayerStates/VolumeAdjustmentMainPlayerState.swift; sourceTree = "<group>"; };
		CE5DA0E11D4494AE00025C17 /* ShowTrackDetailsState.swift */ = {isa = PBXFileReference; fileEncoding = 4; lastKnownFileType = sourcecode.swift; name = ShowTrackDetailsState.swift; path = JamHawk/MainPlayerStates/ShowTrackDetailsState.swift; sourceTree = "<group>"; };
		CE5DA0E31D455EAA00025C17 /* JamhawkRequestController.swift */ = {isa = PBXFileReference; fileEncoding = 4; lastKnownFileType = sourcecode.swift; name = JamhawkRequestController.swift; path = JamHawk/Backend/JamhawkRequestController.swift; sourceTree = "<group>"; };
		CE5DA0E51D455EC500025C17 /* UIViewController+Extensions.swift */ = {isa = PBXFileReference; fileEncoding = 4; lastKnownFileType = sourcecode.swift; name = "UIViewController+Extensions.swift"; path = "JamHawk/Extensions/UIViewController+Extensions.swift"; sourceTree = "<group>"; };
		CE5DA0E81D455F8800025C17 /* SystemController.swift */ = {isa = PBXFileReference; fileEncoding = 4; lastKnownFileType = sourcecode.swift; name = SystemController.swift; path = JamHawk/Controllers/SystemController.swift; sourceTree = "<group>"; };
		CE5DA0EA1D4677D800025C17 /* FilterSystem.swift */ = {isa = PBXFileReference; fileEncoding = 4; lastKnownFileType = sourcecode.swift; name = FilterSystem.swift; path = JamHawk/Controllers/FilterSystem.swift; sourceTree = "<group>"; };
		CE5DA0EC1D4683EE00025C17 /* PlayerSystem.swift */ = {isa = PBXFileReference; fileEncoding = 4; lastKnownFileType = sourcecode.swift; name = PlayerSystem.swift; path = JamHawk/Controllers/PlayerSystem.swift; sourceTree = "<group>"; };
		CE5DA0EE1D46841300025C17 /* CurrentTrackSystem.swift */ = {isa = PBXFileReference; fileEncoding = 4; lastKnownFileType = sourcecode.swift; name = CurrentTrackSystem.swift; path = JamHawk/Controllers/CurrentTrackSystem.swift; sourceTree = "<group>"; };
		CE5DA0F01D46843000025C17 /* NextAvailableMediaSystem.swift */ = {isa = PBXFileReference; fileEncoding = 4; lastKnownFileType = sourcecode.swift; name = NextAvailableMediaSystem.swift; path = JamHawk/Controllers/NextAvailableMediaSystem.swift; sourceTree = "<group>"; };
		CE5DA0F41D46847C00025C17 /* SystemCoordinationController.swift */ = {isa = PBXFileReference; fileEncoding = 4; lastKnownFileType = sourcecode.swift; name = SystemCoordinationController.swift; path = JamHawk/Controllers/SystemCoordinationController.swift; sourceTree = "<group>"; };
		CE5DA0FD1D47B8A300025C17 /* TrackRatingViewController.swift */ = {isa = PBXFileReference; fileEncoding = 4; lastKnownFileType = sourcecode.swift; name = TrackRatingViewController.swift; path = JamHawk/ViewControllers/TrackRatingViewController.swift; sourceTree = "<group>"; };
		CE5DA0FF1D47B8B000025C17 /* TrackRatingSystem.swift */ = {isa = PBXFileReference; fileEncoding = 4; lastKnownFileType = sourcecode.swift; name = TrackRatingSystem.swift; path = JamHawk/Controllers/TrackRatingSystem.swift; sourceTree = "<group>"; };
		CE5DA1011D47F06400025C17 /* TrackRatingCell.swift */ = {isa = PBXFileReference; fileEncoding = 4; lastKnownFileType = sourcecode.swift; name = TrackRatingCell.swift; path = JamHawk/CustomUI/TrackRatingCell.swift; sourceTree = "<group>"; };
		CE5DA1031D4882C100025C17 /* ViewTransformer.swift */ = {isa = PBXFileReference; fileEncoding = 4; lastKnownFileType = sourcecode.swift; name = ViewTransformer.swift; path = JamHawk/CustomUI/ViewTransformer.swift; sourceTree = "<group>"; };
		CE6CE9911D3C15B10029659F /* SubfilterSelectionViewController.swift */ = {isa = PBXFileReference; fileEncoding = 4; lastKnownFileType = sourcecode.swift; name = SubfilterSelectionViewController.swift; path = JamHawk/ViewControllers/SubfilterSelectionViewController.swift; sourceTree = "<group>"; };
		CE6CE9961D3C15C40029659F /* Base */ = {isa = PBXFileReference; lastKnownFileType = file.xib; name = Base; path = JamHawk/Base.lproj/SubfilterSelectionViewController.xib; sourceTree = "<group>"; };
		CE6CE99E1D3D262F0029659F /* PlayerSubfilterCell.swift */ = {isa = PBXFileReference; fileEncoding = 4; lastKnownFileType = sourcecode.swift; name = PlayerSubfilterCell.swift; path = JamHawk/CustomUI/PlayerSubfilterCell.swift; sourceTree = "<group>"; };
		CE6CE99F1D3D262F0029659F /* SubfilterCell.xib */ = {isa = PBXFileReference; fileEncoding = 4; lastKnownFileType = file.xib; name = SubfilterCell.xib; path = JamHawk/CustomUI/SubfilterCell.xib; sourceTree = "<group>"; };
		CE6CE9A31D3D67D50029659F /* MainPlayerState.swift */ = {isa = PBXFileReference; fileEncoding = 4; lastKnownFileType = sourcecode.swift; name = MainPlayerState.swift; path = JamHawk/MainPlayerStates/MainPlayerState.swift; sourceTree = "<group>"; };
		CE747BF71D382B0F0006D1B6 /* PlayerControlsToolbar.swift */ = {isa = PBXFileReference; fileEncoding = 4; lastKnownFileType = sourcecode.swift; name = PlayerControlsToolbar.swift; path = JamHawk/CustomUI/PlayerControlsToolbar.swift; sourceTree = "<group>"; };
		CE747BF91D382F3F0006D1B6 /* NextAvailableMediaViewController.swift */ = {isa = PBXFileReference; fileEncoding = 4; lastKnownFileType = sourcecode.swift; name = NextAvailableMediaViewController.swift; path = JamHawk/ViewControllers/NextAvailableMediaViewController.swift; sourceTree = "<group>"; };
		CE747BFB1D3839BB0006D1B6 /* ParentFilterSelectionViewController.swift */ = {isa = PBXFileReference; fileEncoding = 4; lastKnownFileType = sourcecode.swift; name = ParentFilterSelectionViewController.swift; path = JamHawk/ViewControllers/ParentFilterSelectionViewController.swift; sourceTree = "<group>"; };
		CE747C051D3885900006D1B6 /* Base */ = {isa = PBXFileReference; lastKnownFileType = file.xib; name = Base; path = JamHawk/Base.lproj/NextAvailableMediaCell.xib; sourceTree = "<group>"; };
		CE747C071D3891F90006D1B6 /* ParentFilterCell.swift */ = {isa = PBXFileReference; fileEncoding = 4; lastKnownFileType = sourcecode.swift; name = ParentFilterCell.swift; path = JamHawk/CustomUI/ParentFilterCell.swift; sourceTree = "<group>"; };
		CE747C0C1D38920C0006D1B6 /* Base */ = {isa = PBXFileReference; lastKnownFileType = file.xib; name = Base; path = JamHawk/Base.lproj/ParentFilterCell.xib; sourceTree = "<group>"; };
		CE7B0FF11D33F4E8003CC52A /* TemporaryInitialViewController.swift */ = {isa = PBXFileReference; fileEncoding = 4; lastKnownFileType = sourcecode.swift; name = TemporaryInitialViewController.swift; path = JamHawk/ViewControllers/TemporaryInitialViewController.swift; sourceTree = "<group>"; };
		CE7B0FF61D340846003CC52A /* NextAvailableMediaCell.swift */ = {isa = PBXFileReference; fileEncoding = 4; lastKnownFileType = sourcecode.swift; name = NextAvailableMediaCell.swift; path = JamHawk/CustomUI/NextAvailableMediaCell.swift; sourceTree = "<group>"; };
		CE7E682D1D34251400516570 /* UserAccessSession.swift */ = {isa = PBXFileReference; fileEncoding = 4; lastKnownFileType = sourcecode.swift; name = UserAccessSession.swift; path = JamHawk/Backend/UserAccessSession.swift; sourceTree = "<group>"; };
		CE7E682F1D3427E000516570 /* PlayerSession.swift */ = {isa = PBXFileReference; fileEncoding = 4; lastKnownFileType = sourcecode.swift; name = PlayerSession.swift; path = JamHawk/Backend/PlayerSession.swift; sourceTree = "<group>"; };
		CE7E68311D342EB900516570 /* PlayerAPIInputStatus.swift */ = {isa = PBXFileReference; fileEncoding = 4; lastKnownFileType = sourcecode.swift; name = PlayerAPIInputStatus.swift; path = JamHawk/Models/PlayerAPIInputStatus.swift; sourceTree = "<group>"; };
		CE7E68351D342F3300516570 /* PlayerAPIInputUpdates.swift */ = {isa = PBXFileReference; fileEncoding = 4; lastKnownFileType = sourcecode.swift; name = PlayerAPIInputUpdates.swift; path = JamHawk/Models/PlayerAPIInputUpdates.swift; sourceTree = "<group>"; };
		CE9347881D39892B0090A58C /* CurrentTrackViewController.swift */ = {isa = PBXFileReference; fileEncoding = 4; lastKnownFileType = sourcecode.swift; name = CurrentTrackViewController.swift; path = JamHawk/ViewControllers/CurrentTrackViewController.swift; sourceTree = "<group>"; };
		CE9B94831D26B67600B0F53D /* JamHawk.app */ = {isa = PBXFileReference; explicitFileType = wrapper.application; includeInIndex = 0; path = JamHawk.app; sourceTree = BUILT_PRODUCTS_DIR; };
		CE9B94861D26B67600B0F53D /* AppDelegate.swift */ = {isa = PBXFileReference; lastKnownFileType = sourcecode.swift; path = AppDelegate.swift; sourceTree = "<group>"; };
		CE9B948B1D26B67600B0F53D /* Base */ = {isa = PBXFileReference; lastKnownFileType = file.storyboard; name = Base; path = Base.lproj/SignIn.storyboard; sourceTree = "<group>"; };
		CE9B948D1D26B67600B0F53D /* Assets.xcassets */ = {isa = PBXFileReference; lastKnownFileType = folder.assetcatalog; path = Assets.xcassets; sourceTree = "<group>"; };
		CE9B94901D26B67600B0F53D /* Base */ = {isa = PBXFileReference; lastKnownFileType = file.storyboard; name = Base; path = Base.lproj/LaunchScreen.storyboard; sourceTree = "<group>"; };
		CE9B94921D26B67600B0F53D /* Info.plist */ = {isa = PBXFileReference; lastKnownFileType = text.plist.xml; path = Info.plist; sourceTree = "<group>"; };
		CE9B94971D26B67700B0F53D /* JamHawkTests.xctest */ = {isa = PBXFileReference; explicitFileType = wrapper.cfbundle; includeInIndex = 0; path = JamHawkTests.xctest; sourceTree = BUILT_PRODUCTS_DIR; };
		CE9B949B1D26B67700B0F53D /* JamHawkTests.swift */ = {isa = PBXFileReference; lastKnownFileType = sourcecode.swift; path = JamHawkTests.swift; sourceTree = "<group>"; };
		CE9B949D1D26B67700B0F53D /* Info.plist */ = {isa = PBXFileReference; lastKnownFileType = text.plist.xml; path = Info.plist; sourceTree = "<group>"; };
		CED3AC771D4D676D001E488D /* SubfilterViewModel.swift */ = {isa = PBXFileReference; fileEncoding = 4; lastKnownFileType = sourcecode.swift; name = SubfilterViewModel.swift; path = JamHawk/ViewModels/SubfilterViewModel.swift; sourceTree = "<group>"; };
		CED404E31D26E6350083365F /* BottomBorderTextField.swift */ = {isa = PBXFileReference; fileEncoding = 4; lastKnownFileType = sourcecode.swift; name = BottomBorderTextField.swift; path = JamHawk/CustomUI/BottomBorderTextField.swift; sourceTree = "<group>"; };
		CED404EB1D26F20E0083365F /* JamHawkSession.swift */ = {isa = PBXFileReference; fileEncoding = 4; lastKnownFileType = sourcecode.swift; name = JamHawkSession.swift; path = JamHawk/Backend/JamHawkSession.swift; sourceTree = "<group>"; };
		CEF9E48B1D53C8F500DB6B2C /* VolumeAdjustmentViewController.swift */ = {isa = PBXFileReference; fileEncoding = 4; lastKnownFileType = sourcecode.swift; name = VolumeAdjustmentViewController.swift; path = JamHawk/ViewControllers/VolumeAdjustmentViewController.swift; sourceTree = "<group>"; };
		CEF9E48D1D53CB9100DB6B2C /* VolumeSlider.swift */ = {isa = PBXFileReference; fileEncoding = 4; lastKnownFileType = sourcecode.swift; name = VolumeSlider.swift; path = JamHawk/CustomUI/VolumeSlider.swift; sourceTree = "<group>"; };
		CEFD86991D300F34005313AD /* AppRouter.swift */ = {isa = PBXFileReference; fileEncoding = 4; lastKnownFileType = sourcecode.swift; path = AppRouter.swift; sourceTree = "<group>"; };
		CEFD869B1D3019D2005313AD /* JamHawkNavigationController.swift */ = {isa = PBXFileReference; fileEncoding = 4; lastKnownFileType = sourcecode.swift; name = JamHawkNavigationController.swift; path = JamHawk/CustomUI/JamHawkNavigationController.swift; sourceTree = "<group>"; };
		CEFD869D1D304CFC005313AD /* MainPlayerViewController.swift */ = {isa = PBXFileReference; fileEncoding = 4; lastKnownFileType = sourcecode.swift; name = MainPlayerViewController.swift; path = JamHawk/ViewControllers/MainPlayerViewController.swift; sourceTree = "<group>"; };
		CEFEAD8F1D3D7EDD004D3CFC /* MainPlayerViewController+States.swift */ = {isa = PBXFileReference; fileEncoding = 4; lastKnownFileType = sourcecode.swift; name = "MainPlayerViewController+States.swift"; path = "JamHawk/MainPlayerStates/MainPlayerViewController+States.swift"; sourceTree = "<group>"; };
		CEFFF7951D358DC500D083F1 /* PlayerAPIOutputViewModel.swift */ = {isa = PBXFileReference; fileEncoding = 4; lastKnownFileType = sourcecode.swift; name = PlayerAPIOutputViewModel.swift; path = JamHawk/ViewModels/PlayerAPIOutputViewModel.swift; sourceTree = "<group>"; };
		CEFFF7991D35930800D083F1 /* PlayerProgressViewController.swift */ = {isa = PBXFileReference; fileEncoding = 4; lastKnownFileType = sourcecode.swift; name = PlayerProgressViewController.swift; path = JamHawk/ViewControllers/PlayerProgressViewController.swift; sourceTree = "<group>"; };
		CEFFF79B1D359A1500D083F1 /* AVPlayer+Extensions.swift */ = {isa = PBXFileReference; fileEncoding = 4; lastKnownFileType = sourcecode.swift; name = "AVPlayer+Extensions.swift"; path = "JamHawk/Extensions/AVPlayer+Extensions.swift"; sourceTree = "<group>"; };
		E592439B1455DC1E38511EB4 /* Pods-JamHawk.debug.xcconfig */ = {isa = PBXFileReference; includeInIndex = 1; lastKnownFileType = text.xcconfig; name = "Pods-JamHawk.debug.xcconfig"; path = "Pods/Target Support Files/Pods-JamHawk/Pods-JamHawk.debug.xcconfig"; sourceTree = "<group>"; };
		E9F41F0B1D52982A00F28D1B /* EventSystem.swift */ = {isa = PBXFileReference; fileEncoding = 4; lastKnownFileType = sourcecode.swift; name = EventSystem.swift; path = JamHawk/Controllers/EventSystem.swift; sourceTree = "<group>"; };
/* End PBXFileReference section */

/* Begin PBXFrameworksBuildPhase section */
		CE9B94801D26B67600B0F53D /* Frameworks */ = {
			isa = PBXFrameworksBuildPhase;
			buildActionMask = 2147483647;
			files = (
				CE32971B1D49DDB7001CF512 /* QuartzCore.framework in Frameworks */,
				C3EBD7C5DF4FF8C4768928A1 /* Pods_JamHawk.framework in Frameworks */,
			);
			runOnlyForDeploymentPostprocessing = 0;
		};
		CE9B94941D26B67700B0F53D /* Frameworks */ = {
			isa = PBXFrameworksBuildPhase;
			buildActionMask = 2147483647;
			files = (
			);
			runOnlyForDeploymentPostprocessing = 0;
		};
/* End PBXFrameworksBuildPhase section */

/* Begin PBXGroup section */
		B0F71CD2A8DA061C8C833267 /* Pods */ = {
			isa = PBXGroup;
			children = (
				E592439B1455DC1E38511EB4 /* Pods-JamHawk.debug.xcconfig */,
				395FFD5335C4D154675B20A1 /* Pods-JamHawk.release.xcconfig */,
			);
			name = Pods;
			sourceTree = "<group>";
		};
		CE2B693C1D2EE02600EAFF16 /* User */ = {
			isa = PBXGroup;
			children = (
				CE2B69381D2EC39C00EAFF16 /* UserAccessAPIInput.swift */,
				CE07AC7A1D2C3EA600524005 /* UserAccessAPIInputModels.swift */,
				CE07AC7C1D2C3EB600524005 /* UserAccessAPIOutput.swift */,
			);
			name = User;
			sourceTree = "<group>";
		};
		CE2B693D1D2EE02A00EAFF16 /* Player */ = {
			isa = PBXGroup;
			children = (
				CE7E68331D342EC000516570 /* Input */,
				CE7E68341D342ECB00516570 /* Output */,
				CE2B69401D2EE1FD00EAFF16 /* PlayerAPITypes.swift */,
			);
			name = Player;
			sourceTree = "<group>";
		};
		CE2B69421D2EF02F00EAFF16 /* Freddy */ = {
			isa = PBXGroup;
			children = (
				CE2B69451D2EF05500EAFF16 /* Freddy+Extensions.swift */,
			);
			name = Freddy;
			sourceTree = "<group>";
		};
		CE2B69471D2EF07000EAFF16 /* UIKit */ = {
			isa = PBXGroup;
			children = (
				CEFFF79B1D359A1500D083F1 /* AVPlayer+Extensions.swift */,
				CE567F9F1D38138B00EF33A2 /* UIColor+Jamhawk.swift */,
				CE5DA0E51D455EC500025C17 /* UIViewController+Extensions.swift */,
			);
			name = UIKit;
			sourceTree = "<group>";
		};
		CE5DA0E71D455F5A00025C17 /* Systems */ = {
			isa = PBXGroup;
			children = (
				CE5DA0E81D455F8800025C17 /* SystemController.swift */,
				CE5DA0EA1D4677D800025C17 /* FilterSystem.swift */,
				CE5DA0EC1D4683EE00025C17 /* PlayerSystem.swift */,
				CE5DA0EE1D46841300025C17 /* CurrentTrackSystem.swift */,
				CE5DA0F01D46843000025C17 /* NextAvailableMediaSystem.swift */,
				CE5DA0FF1D47B8B000025C17 /* TrackRatingSystem.swift */,
				E9F41F0B1D52982A00F28D1B /* EventSystem.swift */,
				CE5DA0F41D46847C00025C17 /* SystemCoordinationController.swift */,
			);
			name = Systems;
			sourceTree = "<group>";
		};
		CE5DA0F61D469A3F00025C17 /* Filters */ = {
			isa = PBXGroup;
			children = (
				CE747BFB1D3839BB0006D1B6 /* ParentFilterSelectionViewController.swift */,
				CE6CE9911D3C15B10029659F /* SubfilterSelectionViewController.swift */,
			);
			name = Filters;
			sourceTree = "<group>";
		};
		CE5DA0F81D469A5100025C17 /* Sign In & Up */ = {
			isa = PBXGroup;
			children = (
				C6EFB1E91D3ECE1000B57397 /* JHSignInViewController.swift */,
				C67E317F1D4010B300D140D2 /* JHSignUpViewController.swift */,
				CE7B0FF11D33F4E8003CC52A /* TemporaryInitialViewController.swift */,
				CE24F0891D5E0C5F009B1E2E /* WelcomeViewController.swift */,
			);
			name = "Sign In & Up";
			sourceTree = "<group>";
		};
		CE5DA0FA1D469A7600025C17 /* Player Controls & Progress */ = {
			isa = PBXGroup;
			children = (
				CE10F12C1D381E2200D69682 /* PlayerControlsViewController.swift */,
				CEFFF7991D35930800D083F1 /* PlayerProgressViewController.swift */,
				CEF9E48B1D53C8F500DB6B2C /* VolumeAdjustmentViewController.swift */,
			);
			name = "Player Controls & Progress";
			sourceTree = "<group>";
		};
		CE5DA0FB1D47B87300025C17 /* Current Track */ = {
			isa = PBXGroup;
			children = (
				CE9347881D39892B0090A58C /* CurrentTrackViewController.swift */,
				CE5DA0FD1D47B8A300025C17 /* TrackRatingViewController.swift */,
			);
			name = "Current Track";
			sourceTree = "<group>";
		};
		CE5DA0FC1D47B87E00025C17 /* Profile */ = {
			isa = PBXGroup;
			children = (
				CE5DA0D71D44861D00025C17 /* ProfileViewController.swift */,
				C65061F01D492A5100897A5B /* EditProfileViewController.swift */,
				C6606DF01D49475500834754 /* SettingsProfileViewController.swift */,
			);
			name = Profile;
			sourceTree = "<group>";
		};
		CE6CE9A21D3D67670029659F /* Main View Controller States */ = {
			isa = PBXGroup;
			children = (
				CE6CE9A31D3D67D50029659F /* MainPlayerState.swift */,
				CE5DA0D91D44936B00025C17 /* DefaultMainPlayerState.swift */,
				CE5DA0DB1D4493D700025C17 /* FilterSelectionMainPlayerState.swift */,
				CE5DA0DD1D44940200025C17 /* ShowProfileMainPlayerState.swift */,
				CE5DA0E11D4494AE00025C17 /* ShowTrackDetailsState.swift */,
				CE5DA0DF1D44946900025C17 /* VolumeAdjustmentMainPlayerState.swift */,
				CEFEAD8F1D3D7EDD004D3CFC /* MainPlayerViewController+States.swift */,
			);
			name = "Main View Controller States";
			sourceTree = "<group>";
		};
		CE7E68331D342EC000516570 /* Input */ = {
			isa = PBXGroup;
			children = (
				CE2B693A1D2EC92700EAFF16 /* PlayerAPIInput.swift */,
				CE4C48B51D2C5879000EBA35 /* PlayerAPIInputModels.swift */,
				CE7E68311D342EB900516570 /* PlayerAPIInputStatus.swift */,
				CE7E68351D342F3300516570 /* PlayerAPIInputUpdates.swift */,
			);
			name = Input;
			sourceTree = "<group>";
		};
		CE7E68341D342ECB00516570 /* Output */ = {
			isa = PBXGroup;
			children = (
				CE2B693E1D2EE04400EAFF16 /* PlayerAPIOutputModels.swift */,
				CE2B69481D2F118100EAFF16 /* PlayerAPIOutput.swift */,
			);
			name = Output;
			sourceTree = "<group>";
		};
		CE9B947A1D26B67600B0F53D = {
			isa = PBXGroup;
			children = (
				CED404ED1D26F7500083365F /* Backend */,
				CED404E21D26E6210083365F /* Custom UI */,
				CEC91F971D26D3180006B657 /* Extensions */,
				E51EB60DCDCD65CE4B97C96B /* Frameworks */,
				CE9B94851D26B67600B0F53D /* JamHawk */,
				CE9B949A1D26B67700B0F53D /* JamHawkTests */,
				CE6CE9A21D3D67670029659F /* Main View Controller States */,
				CED404EF1D2713840083365F /* Models */,
				CED404EE1D26F7880083365F /* Operations */,
				B0F71CD2A8DA061C8C833267 /* Pods */,
				CE9B94841D26B67600B0F53D /* Products */,
				CED404DE1D26D44B0083365F /* Storyboards & Xibs */,
				CE5DA0E71D455F5A00025C17 /* Systems */,
				CED404DF1D26D45F0083365F /* View Controllers */,
				CEFFF7941D358D8800D083F1 /* View Models */,
			);
			sourceTree = "<group>";
		};
		CE9B94841D26B67600B0F53D /* Products */ = {
			isa = PBXGroup;
			children = (
				CE9B94831D26B67600B0F53D /* JamHawk.app */,
				CE9B94971D26B67700B0F53D /* JamHawkTests.xctest */,
			);
			name = Products;
			sourceTree = "<group>";
		};
		CE9B94851D26B67600B0F53D /* JamHawk */ = {
			isa = PBXGroup;
			children = (
				CE9B94861D26B67600B0F53D /* AppDelegate.swift */,
				CE9B948D1D26B67600B0F53D /* Assets.xcassets */,
				CE9B94921D26B67600B0F53D /* Info.plist */,
				CEFD86991D300F34005313AD /* AppRouter.swift */,
			);
			path = JamHawk;
			sourceTree = "<group>";
		};
		CE9B949A1D26B67700B0F53D /* JamHawkTests */ = {
			isa = PBXGroup;
			children = (
				CE9B949B1D26B67700B0F53D /* JamHawkTests.swift */,
				CE9B949D1D26B67700B0F53D /* Info.plist */,
			);
			path = JamHawkTests;
			sourceTree = "<group>";
		};
		CEC91F971D26D3180006B657 /* Extensions */ = {
			isa = PBXGroup;
			children = (
				CE2B69471D2EF07000EAFF16 /* UIKit */,
				CE2B69421D2EF02F00EAFF16 /* Freddy */,
				CEFD86C91D32E21F005313AD /* Jamhawk */,
			);
			name = Extensions;
			sourceTree = "<group>";
		};
		CED404DE1D26D44B0083365F /* Storyboards & Xibs */ = {
			isa = PBXGroup;
			children = (
				CE6CE99F1D3D262F0029659F /* SubfilterCell.xib */,
				CE6CE9951D3C15C40029659F /* SubfilterSelectionViewController.xib */,
				CE747C0B1D38920C0006D1B6 /* ParentFilterCell.xib */,
				CE747C041D3885900006D1B6 /* NextAvailableMediaCell.xib */,
				CE9B948A1D26B67600B0F53D /* SignIn.storyboard */,
				CE9B948F1D26B67600B0F53D /* LaunchScreen.storyboard */,
				CE2B69031D2C97EE00EAFF16 /* Player.storyboard */,
				CE5DA0D41D44854C00025C17 /* Profile.storyboard */,
			);
			name = "Storyboards & Xibs";
			sourceTree = "<group>";
		};
		CED404DF1D26D45F0083365F /* View Controllers */ = {
			isa = PBXGroup;
			children = (
				CE5DA0FC1D47B87E00025C17 /* Profile */,
				CE5DA0FB1D47B87300025C17 /* Current Track */,
				CE5DA0FA1D469A7600025C17 /* Player Controls & Progress */,
				CE5DA0F81D469A5100025C17 /* Sign In & Up */,
				CE5DA0F61D469A3F00025C17 /* Filters */,
				CEFD869D1D304CFC005313AD /* MainPlayerViewController.swift */,
				CE747BF91D382F3F0006D1B6 /* NextAvailableMediaViewController.swift */,
			);
			name = "View Controllers";
			sourceTree = "<group>";
		};
		CED404E21D26E6210083365F /* Custom UI */ = {
			isa = PBXGroup;
			children = (
				CE5DA1031D4882C100025C17 /* ViewTransformer.swift */,
				CED404E31D26E6350083365F /* BottomBorderTextField.swift */,
				CEFD869B1D3019D2005313AD /* JamHawkNavigationController.swift */,
				CE7B0FF61D340846003CC52A /* NextAvailableMediaCell.swift */,
				C67A52CC1D36F42900A5C150 /* PlayheadView.swift */,
				CE747BF71D382B0F0006D1B6 /* PlayerControlsToolbar.swift */,
				CE747C071D3891F90006D1B6 /* ParentFilterCell.swift */,
				CE6CE99E1D3D262F0029659F /* PlayerSubfilterCell.swift */,
				C67E317D1D4005D200D140D2 /* JHSignInSignUpTextField.swift */,
				CE5DA0B01D400C8E00025C17 /* UserProfileButtonView.swift */,
				CE5DA1011D47F06400025C17 /* TrackRatingCell.swift */,
				CEF9E48D1D53CB9100DB6B2C /* VolumeSlider.swift */,
			);
			name = "Custom UI";
			sourceTree = "<group>";
		};
		CED404ED1D26F7500083365F /* Backend */ = {
			isa = PBXGroup;
			children = (
				CED404EB1D26F20E0083365F /* JamHawkSession.swift */,
				CE07AC781D2C3A1700524005 /* JamHawkAPIURLProvider.swift */,
				CE2B69341D2EB8EE00EAFF16 /* BackendProtocols.swift */,
				CE7E682D1D34251400516570 /* UserAccessSession.swift */,
				CE7E682F1D3427E000516570 /* PlayerSession.swift */,
				CE5DA0B41D41A52900025C17 /* UpdatesTracker.swift */,
				CE5DA0E31D455EAA00025C17 /* JamhawkRequestController.swift */,
			);
			name = Backend;
			sourceTree = "<group>";
		};
		CED404EE1D26F7880083365F /* Operations */ = {
			isa = PBXGroup;
			children = (
			);
			name = Operations;
			sourceTree = "<group>";
		};
		CED404EF1D2713840083365F /* Models */ = {
			isa = PBXGroup;
			children = (
				CE2B693D1D2EE02A00EAFF16 /* Player */,
				CE2B693C1D2EE02600EAFF16 /* User */,
			);
			name = Models;
			sourceTree = "<group>";
		};
		CEFD86C91D32E21F005313AD /* Jamhawk */ = {
			isa = PBXGroup;
			children = (
			);
			name = Jamhawk;
			sourceTree = "<group>";
		};
		CEFFF7941D358D8800D083F1 /* View Models */ = {
			isa = PBXGroup;
			children = (
				CEFFF7951D358DC500D083F1 /* PlayerAPIOutputViewModel.swift */,
				CED3AC771D4D676D001E488D /* SubfilterViewModel.swift */,
			);
			name = "View Models";
			sourceTree = "<group>";
		};
		E51EB60DCDCD65CE4B97C96B /* Frameworks */ = {
			isa = PBXGroup;
			children = (
				CE32971A1D49DDB7001CF512 /* QuartzCore.framework */,
				B9C661686CA68F67961AA7A0 /* Pods_JamHawk.framework */,
			);
			name = Frameworks;
			sourceTree = "<group>";
		};
/* End PBXGroup section */

/* Begin PBXNativeTarget section */
		CE9B94821D26B67600B0F53D /* JamHawk */ = {
			isa = PBXNativeTarget;
			buildConfigurationList = CE9B94A01D26B67700B0F53D /* Build configuration list for PBXNativeTarget "JamHawk" */;
			buildPhases = (
				1E621CACDE4E60C03F9C0360 /* 📦 Check Pods Manifest.lock */,
				CE9B947F1D26B67600B0F53D /* Sources */,
				CE9B94801D26B67600B0F53D /* Frameworks */,
				CE9B94811D26B67600B0F53D /* Resources */,
				9ECF74662A84D6615D573F2C /* 📦 Embed Pods Frameworks */,
				34A1C19572DF12DD9CDB9474 /* 📦 Copy Pods Resources */,
			);
			buildRules = (
			);
			dependencies = (
			);
			name = JamHawk;
			productName = JamHawk;
			productReference = CE9B94831D26B67600B0F53D /* JamHawk.app */;
			productType = "com.apple.product-type.application";
		};
		CE9B94961D26B67700B0F53D /* JamHawkTests */ = {
			isa = PBXNativeTarget;
			buildConfigurationList = CE9B94A31D26B67700B0F53D /* Build configuration list for PBXNativeTarget "JamHawkTests" */;
			buildPhases = (
				CE9B94931D26B67700B0F53D /* Sources */,
				CE9B94941D26B67700B0F53D /* Frameworks */,
				CE9B94951D26B67700B0F53D /* Resources */,
			);
			buildRules = (
			);
			dependencies = (
				CE9B94991D26B67700B0F53D /* PBXTargetDependency */,
			);
			name = JamHawkTests;
			productName = JamHawkTests;
			productReference = CE9B94971D26B67700B0F53D /* JamHawkTests.xctest */;
			productType = "com.apple.product-type.bundle.unit-test";
		};
/* End PBXNativeTarget section */

/* Begin PBXProject section */
		CE9B947B1D26B67600B0F53D /* Project object */ = {
			isa = PBXProject;
			attributes = {
				LastSwiftUpdateCheck = 0730;
				LastUpgradeCheck = 0730;
				ORGANIZATIONNAME = Incipia;
				TargetAttributes = {
					CE9B94821D26B67600B0F53D = {
						CreatedOnToolsVersion = 7.3.1;
						DevelopmentTeam = 49BYD5B64K;
					};
					CE9B94961D26B67700B0F53D = {
						CreatedOnToolsVersion = 7.3.1;
						TestTargetID = CE9B94821D26B67600B0F53D;
					};
				};
			};
			buildConfigurationList = CE9B947E1D26B67600B0F53D /* Build configuration list for PBXProject "JamHawk" */;
			compatibilityVersion = "Xcode 3.2";
			developmentRegion = English;
			hasScannedForEncodings = 0;
			knownRegions = (
				en,
				Base,
			);
			mainGroup = CE9B947A1D26B67600B0F53D;
			productRefGroup = CE9B94841D26B67600B0F53D /* Products */;
			projectDirPath = "";
			projectRoot = "";
			targets = (
				CE9B94821D26B67600B0F53D /* JamHawk */,
				CE9B94961D26B67700B0F53D /* JamHawkTests */,
			);
		};
/* End PBXProject section */

/* Begin PBXResourcesBuildPhase section */
		CE9B94811D26B67600B0F53D /* Resources */ = {
			isa = PBXResourcesBuildPhase;
			buildActionMask = 2147483647;
			files = (
				CE9B94911D26B67600B0F53D /* LaunchScreen.storyboard in Resources */,
				CE2B69051D2C97EE00EAFF16 /* Player.storyboard in Resources */,
				CE747C061D3885900006D1B6 /* NextAvailableMediaCell.xib in Resources */,
				CE6CE9A11D3D262F0029659F /* SubfilterCell.xib in Resources */,
				CE6CE9971D3C15C40029659F /* SubfilterSelectionViewController.xib in Resources */,
				CE747C0D1D38920C0006D1B6 /* ParentFilterCell.xib in Resources */,
				CE5DA0D61D44854C00025C17 /* Profile.storyboard in Resources */,
				CE9B948E1D26B67600B0F53D /* Assets.xcassets in Resources */,
				CE9B948C1D26B67600B0F53D /* SignIn.storyboard in Resources */,
			);
			runOnlyForDeploymentPostprocessing = 0;
		};
		CE9B94951D26B67700B0F53D /* Resources */ = {
			isa = PBXResourcesBuildPhase;
			buildActionMask = 2147483647;
			files = (
			);
			runOnlyForDeploymentPostprocessing = 0;
		};
/* End PBXResourcesBuildPhase section */

/* Begin PBXShellScriptBuildPhase section */
		1E621CACDE4E60C03F9C0360 /* 📦 Check Pods Manifest.lock */ = {
			isa = PBXShellScriptBuildPhase;
			buildActionMask = 2147483647;
			files = (
			);
			inputPaths = (
			);
			name = "📦 Check Pods Manifest.lock";
			outputPaths = (
			);
			runOnlyForDeploymentPostprocessing = 0;
			shellPath = /bin/sh;
			shellScript = "diff \"${PODS_ROOT}/../Podfile.lock\" \"${PODS_ROOT}/Manifest.lock\" > /dev/null\nif [[ $? != 0 ]] ; then\n    cat << EOM\nerror: The sandbox is not in sync with the Podfile.lock. Run 'pod install' or update your CocoaPods installation.\nEOM\n    exit 1\nfi\n";
			showEnvVarsInLog = 0;
		};
		34A1C19572DF12DD9CDB9474 /* 📦 Copy Pods Resources */ = {
			isa = PBXShellScriptBuildPhase;
			buildActionMask = 2147483647;
			files = (
			);
			inputPaths = (
			);
			name = "📦 Copy Pods Resources";
			outputPaths = (
			);
			runOnlyForDeploymentPostprocessing = 0;
			shellPath = /bin/sh;
			shellScript = "\"${SRCROOT}/Pods/Target Support Files/Pods-JamHawk/Pods-JamHawk-resources.sh\"\n";
			showEnvVarsInLog = 0;
		};
		9ECF74662A84D6615D573F2C /* 📦 Embed Pods Frameworks */ = {
			isa = PBXShellScriptBuildPhase;
			buildActionMask = 2147483647;
			files = (
			);
			inputPaths = (
			);
			name = "📦 Embed Pods Frameworks";
			outputPaths = (
			);
			runOnlyForDeploymentPostprocessing = 0;
			shellPath = /bin/sh;
			shellScript = "\"${SRCROOT}/Pods/Target Support Files/Pods-JamHawk/Pods-JamHawk-frameworks.sh\"\n";
			showEnvVarsInLog = 0;
		};
/* End PBXShellScriptBuildPhase section */

/* Begin PBXSourcesBuildPhase section */
		CE9B947F1D26B67600B0F53D /* Sources */ = {
			isa = PBXSourcesBuildPhase;
			buildActionMask = 2147483647;
			files = (
				CE2B693F1D2EE04400EAFF16 /* PlayerAPIOutputModels.swift in Sources */,
				CE7E68301D3427E000516570 /* PlayerSession.swift in Sources */,
				CE567FA01D38138B00EF33A2 /* UIColor+Jamhawk.swift in Sources */,
				CE4C48B61D2C5879000EBA35 /* PlayerAPIInputModels.swift in Sources */,
				CEFD869E1D304CFC005313AD /* MainPlayerViewController.swift in Sources */,
				CE24F08A1D5E0C5F009B1E2E /* WelcomeViewController.swift in Sources */,
				CEF9E48E1D53CB9100DB6B2C /* VolumeSlider.swift in Sources */,
				CE747BFA1D382F3F0006D1B6 /* NextAvailableMediaViewController.swift in Sources */,
				CE2B69351D2EB8EE00EAFF16 /* BackendProtocols.swift in Sources */,
				CE2B69461D2EF05500EAFF16 /* Freddy+Extensions.swift in Sources */,
				CE9347891D39892B0090A58C /* CurrentTrackViewController.swift in Sources */,
				CED404E41D26E6350083365F /* BottomBorderTextField.swift in Sources */,
				CE07AC791D2C3A1700524005 /* JamHawkAPIURLProvider.swift in Sources */,
				CE7E68361D342F3300516570 /* PlayerAPIInputUpdates.swift in Sources */,
				CEFFF79C1D359A1500D083F1 /* AVPlayer+Extensions.swift in Sources */,
				CE2B69491D2F118100EAFF16 /* PlayerAPIOutput.swift in Sources */,
				CE6CE9A01D3D262F0029659F /* PlayerSubfilterCell.swift in Sources */,
				CE5DA0F11D46843000025C17 /* NextAvailableMediaSystem.swift in Sources */,
				CE7B0FF21D33F4E8003CC52A /* TemporaryInitialViewController.swift in Sources */,
				CE5DA0E01D44946900025C17 /* VolumeAdjustmentMainPlayerState.swift in Sources */,
				CE5DA0EB1D4677D800025C17 /* FilterSystem.swift in Sources */,
				CED3AC781D4D676D001E488D /* SubfilterViewModel.swift in Sources */,
				CED404EC1D26F20E0083365F /* JamHawkSession.swift in Sources */,
				CE5DA1041D4882C100025C17 /* ViewTransformer.swift in Sources */,
				CE6CE9931D3C15B10029659F /* SubfilterSelectionViewController.swift in Sources */,
				CE5DA0E41D455EAA00025C17 /* JamhawkRequestController.swift in Sources */,
				C6606DF11D49475500834754 /* SettingsProfileViewController.swift in Sources */,
				CE5DA0B11D400C8E00025C17 /* UserProfileButtonView.swift in Sources */,
				CE2B69411D2EE1FD00EAFF16 /* PlayerAPITypes.swift in Sources */,
				CEFD869C1D3019D2005313AD /* JamHawkNavigationController.swift in Sources */,
				CE5DA0E21D4494AE00025C17 /* ShowTrackDetailsState.swift in Sources */,
				CE5DA0F51D46847C00025C17 /* SystemCoordinationController.swift in Sources */,
				C67A52CD1D36F42900A5C150 /* PlayheadView.swift in Sources */,
				CE5DA0DA1D44936B00025C17 /* DefaultMainPlayerState.swift in Sources */,
				CE07AC7D1D2C3EB600524005 /* UserAccessAPIOutput.swift in Sources */,
				CE5DA0FE1D47B8A300025C17 /* TrackRatingViewController.swift in Sources */,
				CE10F12D1D381E2200D69682 /* PlayerControlsViewController.swift in Sources */,
				CE5DA0DC1D4493D700025C17 /* FilterSelectionMainPlayerState.swift in Sources */,
				CE5DA0EF1D46841300025C17 /* CurrentTrackSystem.swift in Sources */,
				CE747BFC1D3839BB0006D1B6 /* ParentFilterSelectionViewController.swift in Sources */,
				CEF9E48C1D53C8F500DB6B2C /* VolumeAdjustmentViewController.swift in Sources */,
				CE5DA0ED1D4683EE00025C17 /* PlayerSystem.swift in Sources */,
				C67E31801D4010B300D140D2 /* JHSignUpViewController.swift in Sources */,
				CEFFF7961D358DC500D083F1 /* PlayerAPIOutputViewModel.swift in Sources */,
				CE5DA0DE1D44940200025C17 /* ShowProfileMainPlayerState.swift in Sources */,
				C67E317E1D4005D200D140D2 /* JHSignInSignUpTextField.swift in Sources */,
				CE5DA1001D47B8B000025C17 /* TrackRatingSystem.swift in Sources */,
				CE7E682E1D34251400516570 /* UserAccessSession.swift in Sources */,
				CE5DA0D81D44861D00025C17 /* ProfileViewController.swift in Sources */,
				CE5DA0E91D455F8800025C17 /* SystemController.swift in Sources */,
				C6EFB1EA1D3ECE1000B57397 /* JHSignInViewController.swift in Sources */,
				CE2B69391D2EC39C00EAFF16 /* UserAccessAPIInput.swift in Sources */,
				CEFEAD901D3D7EDD004D3CFC /* MainPlayerViewController+States.swift in Sources */,
				CE747BF81D382B0F0006D1B6 /* PlayerControlsToolbar.swift in Sources */,
				E9F41F0C1D52982A00F28D1B /* EventSystem.swift in Sources */,
				CE5DA0B51D41A52900025C17 /* UpdatesTracker.swift in Sources */,
				CEFD869A1D300F34005313AD /* AppRouter.swift in Sources */,
				CE07AC7B1D2C3EA600524005 /* UserAccessAPIInputModels.swift in Sources */,
				CE747C091D3891F90006D1B6 /* ParentFilterCell.swift in Sources */,
				CE2B693B1D2EC92700EAFF16 /* PlayerAPIInput.swift in Sources */,
				CE7B0FF81D340846003CC52A /* NextAvailableMediaCell.swift in Sources */,
				CEFFF79A1D35930800D083F1 /* PlayerProgressViewController.swift in Sources */,
				CE6CE9A41D3D67D50029659F /* MainPlayerState.swift in Sources */,
				CE5DA0E61D455EC500025C17 /* UIViewController+Extensions.swift in Sources */,
				CE5DA1021D47F06400025C17 /* TrackRatingCell.swift in Sources */,
				CE7E68321D342EB900516570 /* PlayerAPIInputStatus.swift in Sources */,
				CE9B94871D26B67600B0F53D /* AppDelegate.swift in Sources */,
				C65061F11D492A5100897A5B /* EditProfileViewController.swift in Sources */,
			);
			runOnlyForDeploymentPostprocessing = 0;
		};
		CE9B94931D26B67700B0F53D /* Sources */ = {
			isa = PBXSourcesBuildPhase;
			buildActionMask = 2147483647;
			files = (
				CE9B949C1D26B67700B0F53D /* JamHawkTests.swift in Sources */,
			);
			runOnlyForDeploymentPostprocessing = 0;
		};
/* End PBXSourcesBuildPhase section */

/* Begin PBXTargetDependency section */
		CE9B94991D26B67700B0F53D /* PBXTargetDependency */ = {
			isa = PBXTargetDependency;
			target = CE9B94821D26B67600B0F53D /* JamHawk */;
			targetProxy = CE9B94981D26B67700B0F53D /* PBXContainerItemProxy */;
		};
/* End PBXTargetDependency section */

/* Begin PBXVariantGroup section */
		CE2B69031D2C97EE00EAFF16 /* Player.storyboard */ = {
			isa = PBXVariantGroup;
			children = (
				CE2B69041D2C97EE00EAFF16 /* Base */,
			);
			name = Player.storyboard;
			sourceTree = "<group>";
		};
		CE5DA0D41D44854C00025C17 /* Profile.storyboard */ = {
			isa = PBXVariantGroup;
			children = (
				CE5DA0D51D44854C00025C17 /* Base */,
			);
			name = Profile.storyboard;
			sourceTree = "<group>";
		};
		CE6CE9951D3C15C40029659F /* SubfilterSelectionViewController.xib */ = {
			isa = PBXVariantGroup;
			children = (
				CE6CE9961D3C15C40029659F /* Base */,
			);
			name = SubfilterSelectionViewController.xib;
			sourceTree = "<group>";
		};
		CE747C041D3885900006D1B6 /* NextAvailableMediaCell.xib */ = {
			isa = PBXVariantGroup;
			children = (
				CE747C051D3885900006D1B6 /* Base */,
			);
			name = NextAvailableMediaCell.xib;
			sourceTree = "<group>";
		};
		CE747C0B1D38920C0006D1B6 /* ParentFilterCell.xib */ = {
			isa = PBXVariantGroup;
			children = (
				CE747C0C1D38920C0006D1B6 /* Base */,
			);
			name = ParentFilterCell.xib;
			sourceTree = "<group>";
		};
		CE9B948A1D26B67600B0F53D /* SignIn.storyboard */ = {
			isa = PBXVariantGroup;
			children = (
				CE9B948B1D26B67600B0F53D /* Base */,
			);
			name = SignIn.storyboard;
			path = JamHawk;
			sourceTree = "<group>";
		};
		CE9B948F1D26B67600B0F53D /* LaunchScreen.storyboard */ = {
			isa = PBXVariantGroup;
			children = (
				CE9B94901D26B67600B0F53D /* Base */,
			);
			name = LaunchScreen.storyboard;
			path = JamHawk;
			sourceTree = "<group>";
		};
/* End PBXVariantGroup section */

/* Begin XCBuildConfiguration section */
		CE9B949E1D26B67700B0F53D /* Debug */ = {
			isa = XCBuildConfiguration;
			buildSettings = {
				ALWAYS_SEARCH_USER_PATHS = NO;
				CLANG_ANALYZER_NONNULL = YES;
				CLANG_CXX_LANGUAGE_STANDARD = "gnu++0x";
				CLANG_CXX_LIBRARY = "libc++";
				CLANG_ENABLE_MODULES = YES;
				CLANG_ENABLE_OBJC_ARC = YES;
				CLANG_WARN_BOOL_CONVERSION = YES;
				CLANG_WARN_CONSTANT_CONVERSION = YES;
				CLANG_WARN_DIRECT_OBJC_ISA_USAGE = YES_ERROR;
				CLANG_WARN_EMPTY_BODY = YES;
				CLANG_WARN_ENUM_CONVERSION = YES;
				CLANG_WARN_INT_CONVERSION = YES;
				CLANG_WARN_OBJC_ROOT_CLASS = YES_ERROR;
				CLANG_WARN_UNREACHABLE_CODE = YES;
				CLANG_WARN__DUPLICATE_METHOD_MATCH = YES;
				"CODE_SIGN_IDENTITY[sdk=iphoneos*]" = "iPhone Developer";
				COPY_PHASE_STRIP = NO;
				DEBUG_INFORMATION_FORMAT = dwarf;
				ENABLE_STRICT_OBJC_MSGSEND = YES;
				ENABLE_TESTABILITY = YES;
				GCC_C_LANGUAGE_STANDARD = gnu99;
				GCC_DYNAMIC_NO_PIC = NO;
				GCC_NO_COMMON_BLOCKS = YES;
				GCC_OPTIMIZATION_LEVEL = 0;
				GCC_PREPROCESSOR_DEFINITIONS = (
					"DEBUG=1",
					"$(inherited)",
				);
				GCC_WARN_64_TO_32_BIT_CONVERSION = YES;
				GCC_WARN_ABOUT_RETURN_TYPE = YES_ERROR;
				GCC_WARN_UNDECLARED_SELECTOR = YES;
				GCC_WARN_UNINITIALIZED_AUTOS = YES_AGGRESSIVE;
				GCC_WARN_UNUSED_FUNCTION = YES;
				GCC_WARN_UNUSED_VARIABLE = YES;
				IPHONEOS_DEPLOYMENT_TARGET = 9.3;
				MTL_ENABLE_DEBUG_INFO = YES;
				ONLY_ACTIVE_ARCH = YES;
				SDKROOT = iphoneos;
				SWIFT_OPTIMIZATION_LEVEL = "-Onone";
			};
			name = Debug;
		};
		CE9B949F1D26B67700B0F53D /* Release */ = {
			isa = XCBuildConfiguration;
			buildSettings = {
				ALWAYS_SEARCH_USER_PATHS = NO;
				CLANG_ANALYZER_NONNULL = YES;
				CLANG_CXX_LANGUAGE_STANDARD = "gnu++0x";
				CLANG_CXX_LIBRARY = "libc++";
				CLANG_ENABLE_MODULES = YES;
				CLANG_ENABLE_OBJC_ARC = YES;
				CLANG_WARN_BOOL_CONVERSION = YES;
				CLANG_WARN_CONSTANT_CONVERSION = YES;
				CLANG_WARN_DIRECT_OBJC_ISA_USAGE = YES_ERROR;
				CLANG_WARN_EMPTY_BODY = YES;
				CLANG_WARN_ENUM_CONVERSION = YES;
				CLANG_WARN_INT_CONVERSION = YES;
				CLANG_WARN_OBJC_ROOT_CLASS = YES_ERROR;
				CLANG_WARN_UNREACHABLE_CODE = YES;
				CLANG_WARN__DUPLICATE_METHOD_MATCH = YES;
				"CODE_SIGN_IDENTITY[sdk=iphoneos*]" = "iPhone Developer";
				COPY_PHASE_STRIP = NO;
				DEBUG_INFORMATION_FORMAT = "dwarf-with-dsym";
				ENABLE_NS_ASSERTIONS = NO;
				ENABLE_STRICT_OBJC_MSGSEND = YES;
				GCC_C_LANGUAGE_STANDARD = gnu99;
				GCC_NO_COMMON_BLOCKS = YES;
				GCC_WARN_64_TO_32_BIT_CONVERSION = YES;
				GCC_WARN_ABOUT_RETURN_TYPE = YES_ERROR;
				GCC_WARN_UNDECLARED_SELECTOR = YES;
				GCC_WARN_UNINITIALIZED_AUTOS = YES_AGGRESSIVE;
				GCC_WARN_UNUSED_FUNCTION = YES;
				GCC_WARN_UNUSED_VARIABLE = YES;
				IPHONEOS_DEPLOYMENT_TARGET = 9.3;
				MTL_ENABLE_DEBUG_INFO = NO;
				SDKROOT = iphoneos;
				VALIDATE_PRODUCT = YES;
			};
			name = Release;
		};
		CE9B94A11D26B67700B0F53D /* Debug */ = {
			isa = XCBuildConfiguration;
			baseConfigurationReference = E592439B1455DC1E38511EB4 /* Pods-JamHawk.debug.xcconfig */;
			buildSettings = {
				ASSETCATALOG_COMPILER_APPICON_NAME = AppIcon;
				CODE_SIGN_IDENTITY = "iPhone Developer";
				INFOPLIST_FILE = JamHawk/Info.plist;
				LD_RUNPATH_SEARCH_PATHS = "$(inherited) @executable_path/Frameworks";
				PRODUCT_BUNDLE_IDENTIFIER = com.Incipia.JamHawk;
				PRODUCT_NAME = "$(TARGET_NAME)";
				SWIFT_OPTIMIZATION_LEVEL = "-Onone";
				TARGETED_DEVICE_FAMILY = 1;
			};
			name = Debug;
		};
		CE9B94A21D26B67700B0F53D /* Release */ = {
			isa = XCBuildConfiguration;
			baseConfigurationReference = 395FFD5335C4D154675B20A1 /* Pods-JamHawk.release.xcconfig */;
			buildSettings = {
				ASSETCATALOG_COMPILER_APPICON_NAME = AppIcon;
				CODE_SIGN_IDENTITY = "iPhone Developer";
				INFOPLIST_FILE = JamHawk/Info.plist;
				LD_RUNPATH_SEARCH_PATHS = "$(inherited) @executable_path/Frameworks";
				PRODUCT_BUNDLE_IDENTIFIER = com.Incipia.JamHawk;
				PRODUCT_NAME = "$(TARGET_NAME)";
				SWIFT_OPTIMIZATION_LEVEL = "-O";
				TARGETED_DEVICE_FAMILY = 1;
			};
			name = Release;
		};
		CE9B94A41D26B67700B0F53D /* Debug */ = {
			isa = XCBuildConfiguration;
			buildSettings = {
				BUNDLE_LOADER = "$(TEST_HOST)";
				INFOPLIST_FILE = JamHawkTests/Info.plist;
				LD_RUNPATH_SEARCH_PATHS = "$(inherited) @executable_path/Frameworks @loader_path/Frameworks";
				PRODUCT_BUNDLE_IDENTIFIER = com.Incipia.JamHawkTests;
				PRODUCT_NAME = "$(TARGET_NAME)";
				TEST_HOST = "$(BUILT_PRODUCTS_DIR)/JamHawk.app/JamHawk";
			};
			name = Debug;
		};
		CE9B94A51D26B67700B0F53D /* Release */ = {
			isa = XCBuildConfiguration;
			buildSettings = {
				BUNDLE_LOADER = "$(TEST_HOST)";
				INFOPLIST_FILE = JamHawkTests/Info.plist;
				LD_RUNPATH_SEARCH_PATHS = "$(inherited) @executable_path/Frameworks @loader_path/Frameworks";
				PRODUCT_BUNDLE_IDENTIFIER = com.Incipia.JamHawkTests;
				PRODUCT_NAME = "$(TARGET_NAME)";
				TEST_HOST = "$(BUILT_PRODUCTS_DIR)/JamHawk.app/JamHawk";
			};
			name = Release;
		};
/* End XCBuildConfiguration section */

/* Begin XCConfigurationList section */
		CE9B947E1D26B67600B0F53D /* Build configuration list for PBXProject "JamHawk" */ = {
			isa = XCConfigurationList;
			buildConfigurations = (
				CE9B949E1D26B67700B0F53D /* Debug */,
				CE9B949F1D26B67700B0F53D /* Release */,
			);
			defaultConfigurationIsVisible = 0;
			defaultConfigurationName = Release;
		};
		CE9B94A01D26B67700B0F53D /* Build configuration list for PBXNativeTarget "JamHawk" */ = {
			isa = XCConfigurationList;
			buildConfigurations = (
				CE9B94A11D26B67700B0F53D /* Debug */,
				CE9B94A21D26B67700B0F53D /* Release */,
			);
			defaultConfigurationIsVisible = 0;
			defaultConfigurationName = Release;
		};
		CE9B94A31D26B67700B0F53D /* Build configuration list for PBXNativeTarget "JamHawkTests" */ = {
			isa = XCConfigurationList;
			buildConfigurations = (
				CE9B94A41D26B67700B0F53D /* Debug */,
				CE9B94A51D26B67700B0F53D /* Release */,
			);
			defaultConfigurationIsVisible = 0;
			defaultConfigurationName = Release;
		};
/* End XCConfigurationList section */
	};
	rootObject = CE9B947B1D26B67600B0F53D /* Project object */;
}
